// !$*UTF8*$!
{
	archiveVersion = 1;
	classes = {
	};
	objectVersion = 55;
	objects = {

/* Begin PBXBuildFile section */
		385B1CDA2731255500983250 /* AppDelegate.swift in Sources */ = {isa = PBXBuildFile; fileRef = 385B1CD92731255500983250 /* AppDelegate.swift */; };
		385B1CDC2731255500983250 /* SceneDelegate.swift in Sources */ = {isa = PBXBuildFile; fileRef = 385B1CDB2731255500983250 /* SceneDelegate.swift */; };
		385B1CDE2731255500983250 /* ViewController.swift in Sources */ = {isa = PBXBuildFile; fileRef = 385B1CDD2731255500983250 /* ViewController.swift */; };
		385B1CE12731255500983250 /* Main.storyboard in Resources */ = {isa = PBXBuildFile; fileRef = 385B1CDF2731255500983250 /* Main.storyboard */; };
		385B1CE32731255800983250 /* Assets.xcassets in Resources */ = {isa = PBXBuildFile; fileRef = 385B1CE22731255800983250 /* Assets.xcassets */; };
		385B1CE62731255900983250 /* LaunchScreen.storyboard in Resources */ = {isa = PBXBuildFile; fileRef = 385B1CE42731255900983250 /* LaunchScreen.storyboard */; };
		385B1CEF273126A800983250 /* ListTableViewCell.swift in Sources */ = {isa = PBXBuildFile; fileRef = 385B1CED273126A800983250 /* ListTableViewCell.swift */; };
		385B1CF0273126A800983250 /* ListTableViewCell.xib in Resources */ = {isa = PBXBuildFile; fileRef = 385B1CEE273126A800983250 /* ListTableViewCell.xib */; };
		385B1CF3273134CB00983250 /* GridTableViewCell.swift in Sources */ = {isa = PBXBuildFile; fileRef = 385B1CF1273134CB00983250 /* GridTableViewCell.swift */; };
		385B1CF4273134CB00983250 /* GridTableViewCell.xib in Resources */ = {isa = PBXBuildFile; fileRef = 385B1CF2273134CB00983250 /* GridTableViewCell.xib */; };
		385B1D0227337A2900983250 /* followChess.swift in Sources */ = {isa = PBXBuildFile; fileRef = 385B1D0127337A2900983250 /* followChess.swift */; };
/* End PBXBuildFile section */

/* Begin PBXFileReference section */
		385B1CD62731255500983250 /* Thiyagarajan.app */ = {isa = PBXFileReference; explicitFileType = wrapper.application; includeInIndex = 0; path = Thiyagarajan.app; sourceTree = BUILT_PRODUCTS_DIR; };
		385B1CD92731255500983250 /* AppDelegate.swift */ = {isa = PBXFileReference; lastKnownFileType = sourcecode.swift; path = AppDelegate.swift; sourceTree = "<group>"; };
		385B1CDB2731255500983250 /* SceneDelegate.swift */ = {isa = PBXFileReference; lastKnownFileType = sourcecode.swift; path = SceneDelegate.swift; sourceTree = "<group>"; };
		385B1CDD2731255500983250 /* ViewController.swift */ = {isa = PBXFileReference; lastKnownFileType = sourcecode.swift; path = ViewController.swift; sourceTree = "<group>"; };
		385B1CE02731255500983250 /* Base */ = {isa = PBXFileReference; lastKnownFileType = file.storyboard; name = Base; path = Base.lproj/Main.storyboard; sourceTree = "<group>"; };
		385B1CE22731255800983250 /* Assets.xcassets */ = {isa = PBXFileReference; lastKnownFileType = folder.assetcatalog; path = Assets.xcassets; sourceTree = "<group>"; };
		385B1CE52731255900983250 /* Base */ = {isa = PBXFileReference; lastKnownFileType = file.storyboard; name = Base; path = Base.lproj/LaunchScreen.storyboard; sourceTree = "<group>"; };
		385B1CE72731255900983250 /* Info.plist */ = {isa = PBXFileReference; lastKnownFileType = text.plist.xml; path = Info.plist; sourceTree = "<group>"; };
		385B1CED273126A800983250 /* ListTableViewCell.swift */ = {isa = PBXFileReference; lastKnownFileType = sourcecode.swift; path = ListTableViewCell.swift; sourceTree = "<group>"; };
		385B1CEE273126A800983250 /* ListTableViewCell.xib */ = {isa = PBXFileReference; lastKnownFileType = file.xib; path = ListTableViewCell.xib; sourceTree = "<group>"; };
		385B1CF1273134CB00983250 /* GridTableViewCell.swift */ = {isa = PBXFileReference; lastKnownFileType = sourcecode.swift; path = GridTableViewCell.swift; sourceTree = "<group>"; };
		385B1CF2273134CB00983250 /* GridTableViewCell.xib */ = {isa = PBXFileReference; lastKnownFileType = file.xib; path = GridTableViewCell.xib; sourceTree = "<group>"; };
		385B1D0127337A2900983250 /* followChess.swift */ = {isa = PBXFileReference; lastKnownFileType = sourcecode.swift; path = followChess.swift; sourceTree = "<group>"; };
/* End PBXFileReference section */

/* Begin PBXFrameworksBuildPhase section */
		385B1CD32731255500983250 /* Frameworks */ = {
			isa = PBXFrameworksBuildPhase;
			buildActionMask = 2147483647;
			files = (
			);
			runOnlyForDeploymentPostprocessing = 0;
		};
/* End PBXFrameworksBuildPhase section */

/* Begin PBXGroup section */
		385B1CCD2731255500983250 = {
			isa = PBXGroup;
			children = (
				385B1CD82731255500983250 /* Thiyagarajan */,
				385B1CD72731255500983250 /* Products */,
			);
			sourceTree = "<group>";
		};
		385B1CD72731255500983250 /* Products */ = {
			isa = PBXGroup;
			children = (
				385B1CD62731255500983250 /* Thiyagarajan.app */,
			);
			name = Products;
			sourceTree = "<group>";
		};
		385B1CD82731255500983250 /* Thiyagarajan */ = {
			isa = PBXGroup;
			children = (
				385B1CD92731255500983250 /* AppDelegate.swift */,
				385B1CDB2731255500983250 /* SceneDelegate.swift */,
				385B1CDD2731255500983250 /* ViewController.swift */,
				385B1D0127337A2900983250 /* followChess.swift */,
				385B1CDF2731255500983250 /* Main.storyboard */,
				385B1CF1273134CB00983250 /* GridTableViewCell.swift */,
				385B1CF2273134CB00983250 /* GridTableViewCell.xib */,
				385B1CED273126A800983250 /* ListTableViewCell.swift */,
				385B1CEE273126A800983250 /* ListTableViewCell.xib */,
				385B1CE22731255800983250 /* Assets.xcassets */,
				385B1CE42731255900983250 /* LaunchScreen.storyboard */,
				385B1CE72731255900983250 /* Info.plist */,
			);
			path = Thiyagarajan;
			sourceTree = "<group>";
		};
/* End PBXGroup section */

/* Begin PBXNativeTarget section */
		385B1CD52731255500983250 /* Thiyagarajan */ = {
			isa = PBXNativeTarget;
			buildConfigurationList = 385B1CEA2731255900983250 /* Build configuration list for PBXNativeTarget "Thiyagarajan" */;
			buildPhases = (
				385B1CD22731255500983250 /* Sources */,
				385B1CD32731255500983250 /* Frameworks */,
				385B1CD42731255500983250 /* Resources */,
			);
			buildRules = (
			);
			dependencies = (
			);
			name = Thiyagarajan;
			productName = Thiyagarajan;
			productReference = 385B1CD62731255500983250 /* Thiyagarajan.app */;
			productType = "com.apple.product-type.application";
		};
/* End PBXNativeTarget section */

/* Begin PBXProject section */
		385B1CCE2731255500983250 /* Project object */ = {
			isa = PBXProject;
			attributes = {
				BuildIndependentTargetsInParallel = 1;
				LastSwiftUpdateCheck = 1300;
				LastUpgradeCheck = 1300;
				TargetAttributes = {
					385B1CD52731255500983250 = {
						CreatedOnToolsVersion = 13.0;
					};
				};
			};
			buildConfigurationList = 385B1CD12731255500983250 /* Build configuration list for PBXProject "Thiyagarajan" */;
			compatibilityVersion = "Xcode 13.0";
			developmentRegion = en;
			hasScannedForEncodings = 0;
			knownRegions = (
				en,
				Base,
			);
			mainGroup = 385B1CCD2731255500983250;
			productRefGroup = 385B1CD72731255500983250 /* Products */;
			projectDirPath = "";
			projectRoot = "";
			targets = (
				385B1CD52731255500983250 /* Thiyagarajan */,
			);
		};
/* End PBXProject section */

/* Begin PBXResourcesBuildPhase section */
		385B1CD42731255500983250 /* Resources */ = {
			isa = PBXResourcesBuildPhase;
			buildActionMask = 2147483647;
			files = (
				385B1CE62731255900983250 /* LaunchScreen.storyboard in Resources */,
				385B1CF0273126A800983250 /* ListTableViewCell.xib in Resources */,
				385B1CF4273134CB00983250 /* GridTableViewCell.xib in Resources */,
				385B1CE32731255800983250 /* Assets.xcassets in Resources */,
				385B1CE12731255500983250 /* Main.storyboard in Resources */,
			);
			runOnlyForDeploymentPostprocessing = 0;
		};
/* End PBXResourcesBuildPhase section */

/* Begin PBXSourcesBuildPhase section */
		385B1CD22731255500983250 /* Sources */ = {
			isa = PBXSourcesBuildPhase;
			buildActionMask = 2147483647;
			files = (
				385B1CDE2731255500983250 /* ViewController.swift in Sources */,
				385B1CF3273134CB00983250 /* GridTableViewCell.swift in Sources */,
				385B1CEF273126A800983250 /* ListTableViewCell.swift in Sources */,
				385B1CDA2731255500983250 /* AppDelegate.swift in Sources */,
				385B1CDC2731255500983250 /* SceneDelegate.swift in Sources */,
				385B1D0227337A2900983250 /* followChess.swift in Sources */,
			);
			runOnlyForDeploymentPostprocessing = 0;
		};
/* End PBXSourcesBuildPhase section */

/* Begin PBXVariantGroup section */
		385B1CDF2731255500983250 /* Main.storyboard */ = {
			isa = PBXVariantGroup;
			children = (
				385B1CE02731255500983250 /* Base */,
			);
			name = Main.storyboard;
			sourceTree = "<group>";
		};
		385B1CE42731255900983250 /* LaunchScreen.storyboard */ = {
			isa = PBXVariantGroup;
			children = (
				385B1CE52731255900983250 /* Base */,
			);
			name = LaunchScreen.storyboard;
			sourceTree = "<group>";
		};
/* End PBXVariantGroup section */

/* Begin XCBuildConfiguration section */
		385B1CE82731255900983250 /* Debug */ = {
			isa = XCBuildConfiguration;
			buildSettings = {
				ALWAYS_SEARCH_USER_PATHS = NO;
				CLANG_ANALYZER_NONNULL = YES;
				CLANG_ANALYZER_NUMBER_OBJECT_CONVERSION = YES_AGGRESSIVE;
				CLANG_CXX_LANGUAGE_STANDARD = "gnu++17";
				CLANG_CXX_LIBRARY = "libc++";
				CLANG_ENABLE_MODULES = YES;
				CLANG_ENABLE_OBJC_ARC = YES;
				CLANG_ENABLE_OBJC_WEAK = YES;
				CLANG_WARN_BLOCK_CAPTURE_AUTORELEASING = YES;
				CLANG_WARN_BOOL_CONVERSION = YES;
				CLANG_WARN_COMMA = YES;
				CLANG_WARN_CONSTANT_CONVERSION = YES;
				CLANG_WARN_DEPRECATED_OBJC_IMPLEMENTATIONS = YES;
				CLANG_WARN_DIRECT_OBJC_ISA_USAGE = YES_ERROR;
				CLANG_WARN_DOCUMENTATION_COMMENTS = YES;
				CLANG_WARN_EMPTY_BODY = YES;
				CLANG_WARN_ENUM_CONVERSION = YES;
				CLANG_WARN_INFINITE_RECURSION = YES;
				CLANG_WARN_INT_CONVERSION = YES;
				CLANG_WARN_NON_LITERAL_NULL_CONVERSION = YES;
				CLANG_WARN_OBJC_IMPLICIT_RETAIN_SELF = YES;
				CLANG_WARN_OBJC_LITERAL_CONVERSION = YES;
				CLANG_WARN_OBJC_ROOT_CLASS = YES_ERROR;
				CLANG_WARN_QUOTED_INCLUDE_IN_FRAMEWORK_HEADER = YES;
				CLANG_WARN_RANGE_LOOP_ANALYSIS = YES;
				CLANG_WARN_STRICT_PROTOTYPES = YES;
				CLANG_WARN_SUSPICIOUS_MOVE = YES;
				CLANG_WARN_UNGUARDED_AVAILABILITY = YES_AGGRESSIVE;
				CLANG_WARN_UNREACHABLE_CODE = YES;
				CLANG_WARN__DUPLICATE_METHOD_MATCH = YES;
				COPY_PHASE_STRIP = NO;
				DEBUG_INFORMATION_FORMAT = dwarf;
				ENABLE_STRICT_OBJC_MSGSEND = YES;
				ENABLE_TESTABILITY = YES;
				GCC_C_LANGUAGE_STANDARD = gnu11;
				GCC_DYNAMIC_NO_PIC = NO;
				GCC_NO_COMMON_BLOCKS = YES;
				GCC_OPTIMIZATION_LEVEL = 0;
				GCC_PREPROCESSOR_DEFINITIONS = (
					"DEBUG=1",
					"$(inherited)",
				);
				GCC_WARN_64_TO_32_BIT_CONVERSION = YES;
				GCC_WARN_ABOUT_RETURN_TYPE = YES_ERROR;
				GCC_WARN_UNDECLARED_SELECTOR = YES;
				GCC_WARN_UNINITIALIZED_AUTOS = YES_AGGRESSIVE;
				GCC_WARN_UNUSED_FUNCTION = YES;
				GCC_WARN_UNUSED_VARIABLE = YES;
				IPHONEOS_DEPLOYMENT_TARGET = 15.0;
				MTL_ENABLE_DEBUG_INFO = INCLUDE_SOURCE;
				MTL_FAST_MATH = YES;
				ONLY_ACTIVE_ARCH = YES;
				SDKROOT = iphoneos;
				SWIFT_ACTIVE_COMPILATION_CONDITIONS = DEBUG;
				SWIFT_OPTIMIZATION_LEVEL = "-Onone";
			};
			name = Debug;
		};
		385B1CE92731255900983250 /* Release */ = {
			isa = XCBuildConfiguration;
			buildSettings = {
				ALWAYS_SEARCH_USER_PATHS = NO;
				CLANG_ANALYZER_NONNULL = YES;
				CLANG_ANALYZER_NUMBER_OBJECT_CONVERSION = YES_AGGRESSIVE;
				CLANG_CXX_LANGUAGE_STANDARD = "gnu++17";
				CLANG_CXX_LIBRARY = "libc++";
				CLANG_ENABLE_MODULES = YES;
				CLANG_ENABLE_OBJC_ARC = YES;
				CLANG_ENABLE_OBJC_WEAK = YES;
				CLANG_WARN_BLOCK_CAPTURE_AUTORELEASING = YES;
				CLANG_WARN_BOOL_CONVERSION = YES;
				CLANG_WARN_COMMA = YES;
				CLANG_WARN_CONSTANT_CONVERSION = YES;
				CLANG_WARN_DEPRECATED_OBJC_IMPLEMENTATIONS = YES;
				CLANG_WARN_DIRECT_OBJC_ISA_USAGE = YES_ERROR;
				CLANG_WARN_DOCUMENTATION_COMMENTS = YES;
				CLANG_WARN_EMPTY_BODY = YES;
				CLANG_WARN_ENUM_CONVERSION = YES;
				CLANG_WARN_INFINITE_RECURSION = YES;
				CLANG_WARN_INT_CONVERSION = YES;
				CLANG_WARN_NON_LITERAL_NULL_CONVERSION = YES;
				CLANG_WARN_OBJC_IMPLICIT_RETAIN_SELF = YES;
				CLANG_WARN_OBJC_LITERAL_CONVERSION = YES;
				CLANG_WARN_OBJC_ROOT_CLASS = YES_ERROR;
				CLANG_WARN_QUOTED_INCLUDE_IN_FRAMEWORK_HEADER = YES;
				CLANG_WARN_RANGE_LOOP_ANALYSIS = YES;
				CLANG_WARN_STRICT_PROTOTYPES = YES;
				CLANG_WARN_SUSPICIOUS_MOVE = YES;
				CLANG_WARN_UNGUARDED_AVAILABILITY = YES_AGGRESSIVE;
				CLANG_WARN_UNREACHABLE_CODE = YES;
				CLANG_WARN__DUPLICATE_METHOD_MATCH = YES;
				COPY_PHASE_STRIP = NO;
				DEBUG_INFORMATION_FORMAT = "dwarf-with-dsym";
				ENABLE_NS_ASSERTIONS = NO;
				ENABLE_STRICT_OBJC_MSGSEND = YES;
				GCC_C_LANGUAGE_STANDARD = gnu11;
				GCC_NO_COMMON_BLOCKS = YES;
				GCC_WARN_64_TO_32_BIT_CONVERSION = YES;
				GCC_WARN_ABOUT_RETURN_TYPE = YES_ERROR;
				GCC_WARN_UNDECLARED_SELECTOR = YES;
				GCC_WARN_UNINITIALIZED_AUTOS = YES_AGGRESSIVE;
				GCC_WARN_UNUSED_FUNCTION = YES;
				GCC_WARN_UNUSED_VARIABLE = YES;
				IPHONEOS_DEPLOYMENT_TARGET = 15.0;
				MTL_ENABLE_DEBUG_INFO = NO;
				MTL_FAST_MATH = YES;
				SDKROOT = iphoneos;
				SWIFT_COMPILATION_MODE = wholemodule;
				SWIFT_OPTIMIZATION_LEVEL = "-O";
				VALIDATE_PRODUCT = YES;
			};
			name = Release;
		};
		385B1CEB2731255900983250 /* Debug */ = {
			isa = XCBuildConfiguration;
			buildSettings = {
				ASSETCATALOG_COMPILER_APPICON_NAME = AppIcon;
				ASSETCATALOG_COMPILER_GLOBAL_ACCENT_COLOR_NAME = AccentColor;
				CODE_SIGN_STYLE = Automatic;
				CURRENT_PROJECT_VERSION = 1;
				DEVELOPMENT_TEAM = Z2XM3F26X3;
				GENERATE_INFOPLIST_FILE = YES;
				INFOPLIST_FILE = Thiyagarajan/Info.plist;
				INFOPLIST_KEY_UIApplicationSupportsIndirectInputEvents = YES;
				INFOPLIST_KEY_UILaunchStoryboardName = LaunchScreen;
				INFOPLIST_KEY_UIMainStoryboardFile = Main;
				INFOPLIST_KEY_UISupportedInterfaceOrientations = "UIInterfaceOrientationPortrait UIInterfaceOrientationLandscapeLeft UIInterfaceOrientationLandscapeRight UIInterfaceOrientationPortraitUpsideDown";
				INFOPLIST_KEY_UISupportedInterfaceOrientations_iPad = "UIInterfaceOrientationPortrait UIInterfaceOrientationPortraitUpsideDown UIInterfaceOrientationLandscapeLeft UIInterfaceOrientationLandscapeRight";
				INFOPLIST_KEY_UISupportedInterfaceOrientations_iPhone = "UIInterfaceOrientationPortrait UIInterfaceOrientationLandscapeLeft UIInterfaceOrientationLandscapeRight";
				IPHONEOS_DEPLOYMENT_TARGET = 14.0;
				LD_RUNPATH_SEARCH_PATHS = (
					"$(inherited)",
					"@executable_path/Frameworks",
				);
				MARKETING_VERSION = 1.0;
				PRODUCT_BUNDLE_IDENTIFIER = com.app.workaround.Thiyagarajan;
				PRODUCT_NAME = "$(TARGET_NAME)";
				SWIFT_EMIT_LOC_STRINGS = YES;
				SWIFT_VERSION = 5.0;
				TARGETED_DEVICE_FAMILY = "1,2";
			};
			name = Debug;
		};
		385B1CEC2731255900983250 /* Release */ = {
			isa = XCBuildConfiguration;
			buildSettings = {
				ASSETCATALOG_COMPILER_APPICON_NAME = AppIcon;
				ASSETCATALOG_COMPILER_GLOBAL_ACCENT_COLOR_NAME = AccentColor;
				CODE_SIGN_STYLE = Automatic;
				CURRENT_PROJECT_VERSION = 1;
				DEVELOPMENT_TEAM = Z2XM3F26X3;
				GENERATE_INFOPLIST_FILE = YES;
				INFOPLIST_FILE = Thiyagarajan/Info.plist;
				INFOPLIST_KEY_UIApplicationSupportsIndirectInputEvents = YES;
				INFOPLIST_KEY_UILaunchStoryboardName = LaunchScreen;
				INFOPLIST_KEY_UIMainStoryboardFile = Main;
				INFOPLIST_KEY_UISupportedInterfaceOrientations = "UIInterfaceOrientationPortrait UIInterfaceOrientationLandscapeLeft UIInterfaceOrientationLandscapeRight UIInterfaceOrientationPortraitUpsideDown";
				INFOPLIST_KEY_UISupportedInterfaceOrientations_iPad = "UIInterfaceOrientationPortrait UIInterfaceOrientationPortraitUpsideDown UIInterfaceOrientationLandscapeLeft UIInterfaceOrientationLandscapeRight";
				INFOPLIST_KEY_UISupportedInterfaceOrientations_iPhone = "UIInterfaceOrientationPortrait UIInterfaceOrientationLandscapeLeft UIInterfaceOrientationLandscapeRight";
				IPHONEOS_DEPLOYMENT_TARGET = 14.0;
				LD_RUNPATH_SEARCH_PATHS = (
					"$(inherited)",
					"@executable_path/Frameworks",
				);
				MARKETING_VERSION = 1.0;
				PRODUCT_BUNDLE_IDENTIFIER = com.app.workaround.Thiyagarajan;
				PRODUCT_NAME = "$(TARGET_NAME)";
				SWIFT_EMIT_LOC_STRINGS = YES;
				SWIFT_VERSION = 5.0;
				TARGETED_DEVICE_FAMILY = "1,2";
			};
			name = Release;
		};
/* End XCBuildConfiguration section */

/* Begin XCConfigurationList section */
		385B1CD12731255500983250 /* Build configuration list for PBXProject "Thiyagarajan" */ = {
			isa = XCConfigurationList;
			buildConfigurations = (
				385B1CE82731255900983250 /* Debug */,
				385B1CE92731255900983250 /* Release */,
			);
			defaultConfigurationIsVisible = 0;
			defaultConfigurationName = Release;
		};
		385B1CEA2731255900983250 /* Build configuration list for PBXNativeTarget "Thiyagarajan" */ = {
			isa = XCConfigurationList;
			buildConfigurations = (
				385B1CEB2731255900983250 /* Debug */,
				385B1CEC2731255900983250 /* Release */,
			);
			defaultConfigurationIsVisible = 0;
			defaultConfigurationName = Release;
		};
/* End XCConfigurationList section */
	};
	rootObject = 385B1CCE2731255500983250 /* Project object */;
}
